
Microsoft Visual Studio Solution File, Format Version 12.00
# Visual Studio Version 17
Project("{8BC9CEB8-8B4A-11D0-8D11-00A0C91BC942}") = "ALL_BUILD", "ALL_BUILD.vcxproj", "{04A9DB0B-DF9B-3821-A1C7-814CC93804EE}"
	ProjectSection(ProjectDependencies) = postProject
		{0573C4FB-F62C-3C3C-B980-BB7056E04512} = {0573C4FB-F62C-3C3C-B980-BB7056E04512}
		{5956FBC6-EEC2-352E-885D-BE614B1F0FDD} = {5956FBC6-EEC2-352E-885D-BE614B1F0FDD}
	EndProjectSection
EndProject
Project("{8BC9CEB8-8B4A-11D0-8D11-00A0C91BC942}") = "DEADBOLT", "DEADBOLT.vcxproj", "{0573C4FB-F62C-3C3C-B980-BB7056E04512}"
	ProjectSection(ProjectDependencies) = postProject
		{5956FBC6-EEC2-352E-885D-BE614B1F0FDD} = {5956FBC6-EEC2-352E-885D-BE614B1F0FDD}
	EndProjectSection
EndProject
Project("{8BC9CEB8-8B4A-11D0-8D11-00A0C91BC942}") = "ZERO_CHECK", "ZERO_CHECK.vcxproj", "{5956FBC6-EEC2-352E-885D-BE614B1F0FDD}"
	ProjectSection(ProjectDependencies) = postProject
	EndProjectSection
EndProject
Global
	GlobalSection(SolutionConfigurationPlatforms) = preSolution
		Debug|x64 = Debug|x64
		Release|x64 = Release|x64
		MinSizeRel|x64 = MinSizeRel|x64
		RelWithDebInfo|x64 = RelWithDebInfo|x64
	EndGlobalSection
	GlobalSection(ProjectConfigurationPlatforms) = postSolution
		{04A9DB0B-DF9B-3821-A1C7-814CC93804EE}.Debug|x64.ActiveCfg = Debug|x64
		{04A9DB0B-DF9B-3821-A1C7-814CC93804EE}.Release|x64.ActiveCfg = Release|x64
		{04A9DB0B-DF9B-3821-A1C7-814CC93804EE}.MinSizeRel|x64.ActiveCfg = MinSizeRel|x64
		{04A9DB0B-DF9B-3821-A1C7-814CC93804EE}.RelWithDebInfo|x64.ActiveCfg = RelWithDebInfo|x64
		{0573C4FB-F62C-3C3C-B980-BB7056E04512}.Debug|x64.ActiveCfg = Debug|x64
		{0573C4FB-F62C-3C3C-B980-BB7056E04512}.Debug|x64.Build.0 = Debug|x64
		{0573C4FB-F62C-3C3C-B980-BB7056E04512}.Release|x64.ActiveCfg = Release|x64
		{0573C4FB-F62C-3C3C-B980-BB7056E04512}.Release|x64.Build.0 = Release|x64
		{0573C4FB-F62C-3C3C-B980-BB7056E04512}.MinSizeRel|x64.ActiveCfg = MinSizeRel|x64
		{0573C4FB-F62C-3C3C-B980-BB7056E04512}.MinSizeRel|x64.Build.0 = MinSizeRel|x64
		{0573C4FB-F62C-3C3C-B980-BB7056E04512}.RelWithDebInfo|x64.ActiveCfg = RelWithDebInfo|x64
		{0573C4FB-F62C-3C3C-B980-BB7056E04512}.RelWithDebInfo|x64.Build.0 = RelWithDebInfo|x64
		{5956FBC6-EEC2-352E-885D-BE614B1F0FDD}.Debug|x64.ActiveCfg = Debug|x64
		{5956FBC6-EEC2-352E-885D-BE614B1F0FDD}.Debug|x64.Build.0 = Debug|x64
		{5956FBC6-EEC2-352E-885D-BE614B1F0FDD}.Release|x64.ActiveCfg = Release|x64
		{5956FBC6-EEC2-352E-885D-BE614B1F0FDD}.Release|x64.Build.0 = Release|x64
		{5956FBC6-EEC2-352E-885D-BE614B1F0FDD}.MinSizeRel|x64.ActiveCfg = MinSizeRel|x64
		{5956FBC6-EEC2-352E-885D-BE614B1F0FDD}.MinSizeRel|x64.Build.0 = MinSizeRel|x64
		{5956FBC6-EEC2-352E-885D-BE614B1F0FDD}.RelWithDebInfo|x64.ActiveCfg = RelWithDebInfo|x64
		{5956FBC6-EEC2-352E-885D-BE614B1F0FDD}.RelWithDebInfo|x64.Build.0 = RelWithDebInfo|x64
	EndGlobalSection
	GlobalSection(ExtensibilityGlobals) = postSolution
		SolutionGuid = {979975A5-7631-3878-8E09-42E6CC4548C4}
	EndGlobalSection
	GlobalSection(ExtensibilityAddIns) = postSolution
	EndGlobalSection
EndGlobal
