<?xml version="1.0" encoding="utf-8"?>
<Project ToolsVersion="17.0" xmlns="http://schemas.microsoft.com/developer/msbuild/2003">
  <ItemGroup>
    <CustomBuild Include="C:\Users\shunm\OneDrive\Documents\deadbolt\src\CMakeFiles\23f837ca854196020ed93452ae825591\generate.stamp.rule">
      <Filter>CMake Rules</Filter>
    </CustomBuild>
  </ItemGroup>
  <ItemGroup>
    <Filter Include="CMake Rules">
      <UniqueIdentifier>{A89AC956-FAC5-3F61-9F5C-1D4D1EDC119A}</UniqueIdentifier>
    </Filter>
  </ItemGroup>
</Project>
